
Microsoft Visual Studio Solution File, Format Version 12.00
# Visual Studio Version 16
VisualStudioVersion = 16.0.30225.117
MinimumVisualStudioVersion = 10.0.40219.1
Project("{FAE04EC0-301F-11D3-BF4B-00C04F79EFBC}") = "session2", "session2\session2.csproj", "{A1CA8EF4-5D43-48FE-8B5A-02F14E39EE90}"
EndProject
Project("{FAE04EC0-301F-11D3-BF4B-00C04F79EFBC}") = "calculator", "calculator\calculator.csproj", "{9D220A6C-0F31-4423-9ED7-F3BB69243E7C}"
EndProject
Global
	GlobalSection(SolutionConfigurationPlatforms) = preSolution
		Debug|Any CPU = Debug|Any CPU
		Release|Any CPU = Release|Any CPU
	EndGlobalSection
	GlobalSection(ProjectConfigurationPlatforms) = postSolution
		{A1CA8EF4-5D43-48FE-8B5A-02F14E39EE90}.Debug|Any CPU.ActiveCfg = Debug|Any CPU
		{A1CA8EF4-5D43-48FE-8B5A-02F14E39EE90}.Debug|Any CPU.Build.0 = Debug|Any CPU
		{A1CA8EF4-5D43-48FE-8B5A-02F14E39EE90}.Release|Any CPU.ActiveCfg = Release|Any CPU
		{A1CA8EF4-5D43-48FE-8B5A-02F14E39EE90}.Release|Any CPU.Build.0 = Release|Any CPU
		{9D220A6C-0F31-4423-9ED7-F3BB69243E7C}.Debug|Any CPU.ActiveCfg = Debug|Any CPU
		{9D220A6C-0F31-4423-9ED7-F3BB69243E7C}.Debug|Any CPU.Build.0 = Debug|Any CPU
		{9D220A6C-0F31-4423-9ED7-F3BB69243E7C}.Release|Any CPU.ActiveCfg = Release|Any CPU
		{9D220A6C-0F31-4423-9ED7-F3BB69243E7C}.Release|Any CPU.Build.0 = Release|Any CPU
	EndGlobalSection
	GlobalSection(SolutionProperties) = preSolution
		HideSolutionNode = FALSE
	EndGlobalSection
	GlobalSection(ExtensibilityGlobals) = postSolution
		SolutionGuid = {75844C74-0C73-41B9-89EF-F27C9A167D69}
	EndGlobalSection
EndGlobal
